// !$*UTF8*$!
{
	archiveVersion = 1;
	classes = {
	};
	objectVersion = 77;
	objects = {

/* Begin PBXContainerItemProxy section */
		36E4D7D02D4E80B50032B106 /* PBXContainerItemProxy */ = {
			isa = PBXContainerItemProxy;
			containerPortal = 36E4D7B72D4E80B30032B106 /* Project object */;
			proxyType = 1;
			remoteGlobalIDString = 36E4D7BE2D4E80B30032B106;
			remoteInfo = NodeAuthRegister;
		};
		36E4D7DA2D4E80B50032B106 /* PBXContainerItemProxy */ = {
			isa = PBXContainerItemProxy;
			containerPortal = 36E4D7B72D4E80B30032B106 /* Project object */;
			proxyType = 1;
			remoteGlobalIDString = 36E4D7BE2D4E80B30032B106;
			remoteInfo = NodeAuthRegister;
		};
/* End PBXContainerItemProxy section */

/* Begin PBXFileReference section */
		36E4D7BF2D4E80B30032B106 /* NodeAuthRegister.app */ = {isa = PBXFileReference; explicitFileType = wrapper.application; includeInIndex = 0; path = NodeAuthRegister.app; sourceTree = BUILT_PRODUCTS_DIR; };
		36E4D7CF2D4E80B50032B106 /* NodeAuthRegisterTests.xctest */ = {isa = PBXFileReference; explicitFileType = wrapper.cfbundle; includeInIndex = 0; path = NodeAuthRegisterTests.xctest; sourceTree = BUILT_PRODUCTS_DIR; };
		36E4D7D92D4E80B50032B106 /* NodeAuthRegisterUITests.xctest */ = {isa = PBXFileReference; explicitFileType = wrapper.cfbundle; includeInIndex = 0; path = NodeAuthRegisterUITests.xctest; sourceTree = BUILT_PRODUCTS_DIR; };
/* End PBXFileReference section */

/* Begin PBXFileSystemSynchronizedRootGroup section */
		36E4D7C12D4E80B30032B106 /* NodeAuthRegister */ = {
			isa = PBXFileSystemSynchronizedRootGroup;
			path = NodeAuthRegister;
			sourceTree = "<group>";
		};
/* End PBXFileSystemSynchronizedRootGroup section */

/* Begin PBXFrameworksBuildPhase section */
		36E4D7BC2D4E80B30032B106 /* Frameworks */ = {
			isa = PBXFrameworksBuildPhase;
			buildActionMask = 2147483647;
			files = (
			);
			runOnlyForDeploymentPostprocessing = 0;
		};
		36E4D7CC2D4E80B50032B106 /* Frameworks */ = {
			isa = PBXFrameworksBuildPhase;
			buildActionMask = 2147483647;
			files = (
			);
			runOnlyForDeploymentPostprocessing = 0;
		};
		36E4D7D62D4E80B50032B106 /* Frameworks */ = {
			isa = PBXFrameworksBuildPhase;
			buildActionMask = 2147483647;
			files = (
			);
			runOnlyForDeploymentPostprocessing = 0;
		};
/* End PBXFrameworksBuildPhase section */

/* Begin PBXGroup section */
		36E4D7B62D4E80B30032B106 = {
			isa = PBXGroup;
			children = (
				36E4D7C12D4E80B30032B106 /* NodeAuthRegister */,
				36E4D7C02D4E80B30032B106 /* Products */,
			);
			sourceTree = "<group>";
		};
		36E4D7C02D4E80B30032B106 /* Products */ = {
			isa = PBXGroup;
			children = (
				36E4D7BF2D4E80B30032B106 /* NodeAuthRegister.app */,
				36E4D7CF2D4E80B50032B106 /* NodeAuthRegisterTests.xctest */,
				36E4D7D92D4E80B50032B106 /* NodeAuthRegisterUITests.xctest */,
			);
			name = Products;
			sourceTree = "<group>";
		};
/* End PBXGroup section */

/* Begin PBXNativeTarget section */
		36E4D7BE2D4E80B30032B106 /* NodeAuthRegister */ = {
			isa = PBXNativeTarget;
			buildConfigurationList = 36E4D7E32D4E80B50032B106 /* Build configuration list for PBXNativeTarget "NodeAuthRegister" */;
			buildPhases = (
				36E4D7BB2D4E80B30032B106 /* Sources */,
				36E4D7BC2D4E80B30032B106 /* Frameworks */,
				36E4D7BD2D4E80B30032B106 /* Resources */,
			);
			buildRules = (
			);
			dependencies = (
			);
			fileSystemSynchronizedGroups = (
				36E4D7C12D4E80B30032B106 /* NodeAuthRegister */,
			);
			name = NodeAuthRegister;
			packageProductDependencies = (
			);
			productName = NodeAuthRegister;
			productReference = 36E4D7BF2D4E80B30032B106 /* NodeAuthRegister.app */;
			productType = "com.apple.product-type.application";
		};
		36E4D7CE2D4E80B50032B106 /* NodeAuthRegisterTests */ = {
			isa = PBXNativeTarget;
			buildConfigurationList = 36E4D7E62D4E80B50032B106 /* Build configuration list for PBXNativeTarget "NodeAuthRegisterTests" */;
			buildPhases = (
				36E4D7CB2D4E80B50032B106 /* Sources */,
				36E4D7CC2D4E80B50032B106 /* Frameworks */,
				36E4D7CD2D4E80B50032B106 /* Resources */,
			);
			buildRules = (
			);
			dependencies = (
				36E4D7D12D4E80B50032B106 /* PBXTargetDependency */,
			);
			name = NodeAuthRegisterTests;
			packageProductDependencies = (
			);
			productName = NodeAuthRegisterTests;
			productReference = 36E4D7CF2D4E80B50032B106 /* NodeAuthRegisterTests.xctest */;
			productType = "com.apple.product-type.bundle.unit-test";
		};
		36E4D7D82D4E80B50032B106 /* NodeAuthRegisterUITests */ = {
			isa = PBXNativeTarget;
			buildConfigurationList = 36E4D7E92D4E80B50032B106 /* Build configuration list for PBXNativeTarget "NodeAuthRegisterUITests" */;
			buildPhases = (
				36E4D7D52D4E80B50032B106 /* Sources */,
				36E4D7D62D4E80B50032B106 /* Frameworks */,
				36E4D7D72D4E80B50032B106 /* Resources */,
			);
			buildRules = (
			);
			dependencies = (
				36E4D7DB2D4E80B50032B106 /* PBXTargetDependency */,
			);
			name = NodeAuthRegisterUITests;
			packageProductDependencies = (
			);
			productName = NodeAuthRegisterUITests;
			productReference = 36E4D7D92D4E80B50032B106 /* NodeAuthRegisterUITests.xctest */;
			productType = "com.apple.product-type.bundle.ui-testing";
		};
/* End PBXNativeTarget section */

/* Begin PBXProject section */
		36E4D7B72D4E80B30032B106 /* Project object */ = {
			isa = PBXProject;
			attributes = {
				BuildIndependentTargetsInParallel = 1;
				LastSwiftUpdateCheck = 1620;
				LastUpgradeCheck = 1620;
				TargetAttributes = {
					36E4D7BE2D4E80B30032B106 = {
						CreatedOnToolsVersion = 16.2;
					};
					36E4D7CE2D4E80B50032B106 = {
						CreatedOnToolsVersion = 16.2;
						TestTargetID = 36E4D7BE2D4E80B30032B106;
					};
					36E4D7D82D4E80B50032B106 = {
						CreatedOnToolsVersion = 16.2;
						TestTargetID = 36E4D7BE2D4E80B30032B106;
					};
				};
			};
			buildConfigurationList = 36E4D7BA2D4E80B30032B106 /* Build configuration list for PBXProject "NodeAuthRegister" */;
			developmentRegion = en;
			hasScannedForEncodings = 0;
			knownRegions = (
				en,
				Base,
			);
			mainGroup = 36E4D7B62D4E80B30032B106;
			minimizedProjectReferenceProxies = 1;
			preferredProjectObjectVersion = 77;
			productRefGroup = 36E4D7C02D4E80B30032B106 /* Products */;
			projectDirPath = "";
			projectRoot = "";
			targets = (
				36E4D7BE2D4E80B30032B106 /* NodeAuthRegister */,
				36E4D7CE2D4E80B50032B106 /* NodeAuthRegisterTests */,
				36E4D7D82D4E80B50032B106 /* NodeAuthRegisterUITests */,
			);
		};
/* End PBXProject section */

/* Begin PBXResourcesBuildPhase section */
		36E4D7BD2D4E80B30032B106 /* Resources */ = {
			isa = PBXResourcesBuildPhase;
			buildActionMask = 2147483647;
			files = (
			);
			runOnlyForDeploymentPostprocessing = 0;
		};
		36E4D7CD2D4E80B50032B106 /* Resources */ = {
			isa = PBXResourcesBuildPhase;
			buildActionMask = 2147483647;
			files = (
			);
			runOnlyForDeploymentPostprocessing = 0;
		};
		36E4D7D72D4E80B50032B106 /* Resources */ = {
			isa = PBXResourcesBuildPhase;
			buildActionMask = 2147483647;
			files = (
			);
			runOnlyForDeploymentPostprocessing = 0;
		};
/* End PBXResourcesBuildPhase section */

/* Begin PBXSourcesBuildPhase section */
		36E4D7BB2D4E80B30032B106 /* Sources */ = {
			isa = PBXSourcesBuildPhase;
			buildActionMask = 2147483647;
			files = (
			);
			runOnlyForDeploymentPostprocessing = 0;
		};
		36E4D7CB2D4E80B50032B106 /* Sources */ = {
			isa = PBXSourcesBuildPhase;
			buildActionMask = 2147483647;
			files = (
			);
			runOnlyForDeploymentPostprocessing = 0;
		};
		36E4D7D52D4E80B50032B106 /* Sources */ = {
			isa = PBXSourcesBuildPhase;
			buildActionMask = 2147483647;
			files = (
			);
			runOnlyForDeploymentPostprocessing = 0;
		};
/* End PBXSourcesBuildPhase section */

/* Begin PBXTargetDependency section */
		36E4D7D12D4E80B50032B106 /* PBXTargetDependency */ = {
			isa = PBXTargetDependency;
			target = 36E4D7BE2D4E80B30032B106 /* NodeAuthRegister */;
			targetProxy = 36E4D7D02D4E80B50032B106 /* PBXContainerItemProxy */;
		};
		36E4D7DB2D4E80B50032B106 /* PBXTargetDependency */ = {
			isa = PBXTargetDependency;
			target = 36E4D7BE2D4E80B30032B106 /* NodeAuthRegister */;
			targetProxy = 36E4D7DA2D4E80B50032B106 /* PBXContainerItemProxy */;
		};
/* End PBXTargetDependency section */

/* Begin XCBuildConfiguration section */
		36E4D7E12D4E80B50032B106 /* Debug */ = {
			isa = XCBuildConfiguration;
			buildSettings = {
				ALWAYS_SEARCH_USER_PATHS = NO;
				ASSETCATALOG_COMPILER_GENERATE_SWIFT_ASSET_SYMBOL_EXTENSIONS = YES;
				CLANG_ANALYZER_NONNULL = YES;
				CLANG_ANALYZER_NUMBER_OBJECT_CONVERSION = YES_AGGRESSIVE;
				CLANG_CXX_LANGUAGE_STANDARD = "gnu++20";
				CLANG_ENABLE_MODULES = YES;
				CLANG_ENABLE_OBJC_ARC = YES;
				CLANG_ENABLE_OBJC_WEAK = YES;
				CLANG_WARN_BLOCK_CAPTURE_AUTORELEASING = YES;
				CLANG_WARN_BOOL_CONVERSION = YES;
				CLANG_WARN_COMMA = YES;
				CLANG_WARN_CONSTANT_CONVERSION = YES;
				CLANG_WARN_DEPRECATED_OBJC_IMPLEMENTATIONS = YES;
				CLANG_WARN_DIRECT_OBJC_ISA_USAGE = YES_ERROR;
				CLANG_WARN_DOCUMENTATION_COMMENTS = YES;
				CLANG_WARN_EMPTY_BODY = YES;
				CLANG_WARN_ENUM_CONVERSION = YES;
				CLANG_WARN_INFINITE_RECURSION = YES;
				CLANG_WARN_INT_CONVERSION = YES;
				CLANG_WARN_NON_LITERAL_NULL_CONVERSION = YES;
				CLANG_WARN_OBJC_IMPLICIT_RETAIN_SELF = YES;
				CLANG_WARN_OBJC_LITERAL_CONVERSION = YES;
				CLANG_WARN_OBJC_ROOT_CLASS = YES_ERROR;
				CLANG_WARN_QUOTED_INCLUDE_IN_FRAMEWORK_HEADER = YES;
				CLANG_WARN_RANGE_LOOP_ANALYSIS = YES;
				CLANG_WARN_STRICT_PROTOTYPES = YES;
				CLANG_WARN_SUSPICIOUS_MOVE = YES;
				CLANG_WARN_UNGUARDED_AVAILABILITY = YES_AGGRESSIVE;
				CLANG_WARN_UNREACHABLE_CODE = YES;
				CLANG_WARN__DUPLICATE_METHOD_MATCH = YES;
				COPY_PHASE_STRIP = NO;
				DEBUG_INFORMATION_FORMAT = dwarf;
				ENABLE_STRICT_OBJC_MSGSEND = YES;
				ENABLE_TESTABILITY = YES;
				ENABLE_USER_SCRIPT_SANDBOXING = YES;
				GCC_C_LANGUAGE_STANDARD = gnu17;
				GCC_DYNAMIC_NO_PIC = NO;
				GCC_NO_COMMON_BLOCKS = YES;
				GCC_OPTIMIZATION_LEVEL = 0;
				GCC_PREPROCESSOR_DEFINITIONS = (
					"DEBUG=1",
					"$(inherited)",
				);
				GCC_WARN_64_TO_32_BIT_CONVERSION = YES;
				GCC_WARN_ABOUT_RETURN_TYPE = YES_ERROR;
				GCC_WARN_UNDECLARED_SELECTOR = YES;
				GCC_WARN_UNINITIALIZED_AUTOS = YES_AGGRESSIVE;
				GCC_WARN_UNUSED_FUNCTION = YES;
				GCC_WARN_UNUSED_VARIABLE = YES;
				IPHONEOS_DEPLOYMENT_TARGET = 18.2;
				LOCALIZATION_PREFERS_STRING_CATALOGS = YES;
				MTL_ENABLE_DEBUG_INFO = INCLUDE_SOURCE;
				MTL_FAST_MATH = YES;
				ONLY_ACTIVE_ARCH = YES;
				SDKROOT = iphoneos;
				SWIFT_ACTIVE_COMPILATION_CONDITIONS = "DEBUG $(inherited)";
				SWIFT_OPTIMIZATION_LEVEL = "-Onone";
			};
			name = Debug;
		};
		36E4D7E22D4E80B50032B106 /* Release */ = {
			isa = XCBuildConfiguration;
			buildSettings = {
				ALWAYS_SEARCH_USER_PATHS = NO;
				ASSETCATALOG_COMPILER_GENERATE_SWIFT_ASSET_SYMBOL_EXTENSIONS = YES;
				CLANG_ANALYZER_NONNULL = YES;
				CLANG_ANALYZER_NUMBER_OBJECT_CONVERSION = YES_AGGRESSIVE;
				CLANG_CXX_LANGUAGE_STANDARD = "gnu++20";
				CLANG_ENABLE_MODULES = YES;
				CLANG_ENABLE_OBJC_ARC = YES;
				CLANG_ENABLE_OBJC_WEAK = YES;
				CLANG_WARN_BLOCK_CAPTURE_AUTORELEASING = YES;
				CLANG_WARN_BOOL_CONVERSION = YES;
				CLANG_WARN_COMMA = YES;
				CLANG_WARN_CONSTANT_CONVERSION = YES;
				CLANG_WARN_DEPRECATED_OBJC_IMPLEMENTATIONS = YES;
				CLANG_WARN_DIRECT_OBJC_ISA_USAGE = YES_ERROR;
				CLANG_WARN_DOCUMENTATION_COMMENTS = YES;
				CLANG_WARN_EMPTY_BODY = YES;
				CLANG_WARN_ENUM_CONVERSION = YES;
				CLANG_WARN_INFINITE_RECURSION = YES;
				CLANG_WARN_INT_CONVERSION = YES;
				CLANG_WARN_NON_LITERAL_NULL_CONVERSION = YES;
				CLANG_WARN_OBJC_IMPLICIT_RETAIN_SELF = YES;
				CLANG_WARN_OBJC_LITERAL_CONVERSION = YES;
				CLANG_WARN_OBJC_ROOT_CLASS = YES_ERROR;
				CLANG_WARN_QUOTED_INCLUDE_IN_FRAMEWORK_HEADER = YES;
				CLANG_WARN_RANGE_LOOP_ANALYSIS = YES;
				CLANG_WARN_STRICT_PROTOTYPES = YES;
				CLANG_WARN_SUSPICIOUS_MOVE = YES;
				CLANG_WARN_UNGUARDED_AVAILABILITY = YES_AGGRESSIVE;
				CLANG_WARN_UNREACHABLE_CODE = YES;
				CLANG_WARN__DUPLICATE_METHOD_MATCH = YES;
				COPY_PHASE_STRIP = NO;
				DEBUG_INFORMATION_FORMAT = "dwarf-with-dsym";
				ENABLE_NS_ASSERTIONS = NO;
				ENABLE_STRICT_OBJC_MSGSEND = YES;
				ENABLE_USER_SCRIPT_SANDBOXING = YES;
				GCC_C_LANGUAGE_STANDARD = gnu17;
				GCC_NO_COMMON_BLOCKS = YES;
				GCC_WARN_64_TO_32_BIT_CONVERSION = YES;
				GCC_WARN_ABOUT_RETURN_TYPE = YES_ERROR;
				GCC_WARN_UNDECLARED_SELECTOR = YES;
				GCC_WARN_UNINITIALIZED_AUTOS = YES_AGGRESSIVE;
				GCC_WARN_UNUSED_FUNCTION = YES;
				GCC_WARN_UNUSED_VARIABLE = YES;
				IPHONEOS_DEPLOYMENT_TARGET = 18.2;
				LOCALIZATION_PREFERS_STRING_CATALOGS = YES;
				MTL_ENABLE_DEBUG_INFO = NO;
				MTL_FAST_MATH = YES;
				SDKROOT = iphoneos;
				SWIFT_COMPILATION_MODE = wholemodule;
				VALIDATE_PRODUCT = YES;
			};
			name = Release;
		};
		36E4D7E42D4E80B50032B106 /* Debug */ = {
			isa = XCBuildConfiguration;
			buildSettings = {
				ASSETCATALOG_COMPILER_APPICON_NAME = AppIcon;
				ASSETCATALOG_COMPILER_GLOBAL_ACCENT_COLOR_NAME = AccentColor;
				CODE_SIGN_STYLE = Automatic;
				CURRENT_PROJECT_VERSION = 1;
				DEVELOPMENT_ASSET_PATHS = "\"NodeAuthRegister/Preview Content\"";
				DEVELOPMENT_TEAM = 8DN7URG34T;
				ENABLE_PREVIEWS = YES;
				GENERATE_INFOPLIST_FILE = YES;
				INFOPLIST_KEY_UIApplicationSceneManifest_Generation = YES;
				INFOPLIST_KEY_UIApplicationSupportsIndirectInputEvents = YES;
				INFOPLIST_KEY_UILaunchScreen_Generation = YES;
				INFOPLIST_KEY_UISupportedInterfaceOrientations_iPad = "UIInterfaceOrientationPortrait UIInterfaceOrientationPortraitUpsideDown UIInterfaceOrientationLandscapeLeft UIInterfaceOrientationLandscapeRight";
				INFOPLIST_KEY_UISupportedInterfaceOrientations_iPhone = "UIInterfaceOrientationPortrait UIInterfaceOrientationLandscapeLeft UIInterfaceOrientationLandscapeRight";
				LD_RUNPATH_SEARCH_PATHS = (
					"$(inherited)",
					"@executable_path/Frameworks",
				);
				MARKETING_VERSION = 1.0;
				PRODUCT_BUNDLE_IDENTIFIER = com.gilsonbraggion.NodeAuthRegister;
				PRODUCT_NAME = "$(TARGET_NAME)";
				SWIFT_EMIT_LOC_STRINGS = YES;
				SWIFT_VERSION = 5.0;
				TARGETED_DEVICE_FAMILY = "1,2";
			};
			name = Debug;
		};
		36E4D7E52D4E80B50032B106 /* Release */ = {
			isa = XCBuildConfiguration;
			buildSettings = {
				ASSETCATALOG_COMPILER_APPICON_NAME = AppIcon;
				ASSETCATALOG_COMPILER_GLOBAL_ACCENT_COLOR_NAME = AccentColor;
				CODE_SIGN_STYLE = Automatic;
				CURRENT_PROJECT_VERSION = 1;
				DEVELOPMENT_ASSET_PATHS = "\"NodeAuthRegister/Preview Content\"";
				DEVELOPMENT_TEAM = 8DN7URG34T;
				ENABLE_PREVIEWS = YES;
				GENERATE_INFOPLIST_FILE = YES;
				INFOPLIST_KEY_UIApplicationSceneManifest_Generation = YES;
				INFOPLIST_KEY_UIApplicationSupportsIndirectInputEvents = YES;
				INFOPLIST_KEY_UILaunchScreen_Generation = YES;
				INFOPLIST_KEY_UISupportedInterfaceOrientations_iPad = "UIInterfaceOrientationPortrait UIInterfaceOrientationPortraitUpsideDown UIInterfaceOrientationLandscapeLeft UIInterfaceOrientationLandscapeRight";
				INFOPLIST_KEY_UISupportedInterfaceOrientations_iPhone = "UIInterfaceOrientationPortrait UIInterfaceOrientationLandscapeLeft UIInterfaceOrientationLandscapeRight";
				LD_RUNPATH_SEARCH_PATHS = (
					"$(inherited)",
					"@executable_path/Frameworks",
				);
				MARKETING_VERSION = 1.0;
				PRODUCT_BUNDLE_IDENTIFIER = com.gilsonbraggion.NodeAuthRegister;
				PRODUCT_NAME = "$(TARGET_NAME)";
				SWIFT_EMIT_LOC_STRINGS = YES;
				SWIFT_VERSION = 5.0;
				TARGETED_DEVICE_FAMILY = "1,2";
			};
			name = Release;
		};
		36E4D7E72D4E80B50032B106 /* Debug */ = {
			isa = XCBuildConfiguration;
			buildSettings = {
				BUNDLE_LOADER = "$(TEST_HOST)";
				CODE_SIGN_STYLE = Automatic;
				CURRENT_PROJECT_VERSION = 1;
				DEVELOPMENT_TEAM = 8DN7URG34T;
				GENERATE_INFOPLIST_FILE = YES;
				IPHONEOS_DEPLOYMENT_TARGET = 18.2;
				MARKETING_VERSION = 1.0;
				PRODUCT_BUNDLE_IDENTIFIER = com.gilsonbraggion.NodeAuthRegisterTests;
				PRODUCT_NAME = "$(TARGET_NAME)";
				SWIFT_EMIT_LOC_STRINGS = NO;
				SWIFT_VERSION = 5.0;
				TARGETED_DEVICE_FAMILY = "1,2";
				TEST_HOST = "$(BUILT_PRODUCTS_DIR)/NodeAuthRegister.app/$(BUNDLE_EXECUTABLE_FOLDER_PATH)/NodeAuthRegister";
			};
			name = Debug;
		};
		36E4D7E82D4E80B50032B106 /* Release */ = {
			isa = XCBuildConfiguration;
			buildSettings = {
				BUNDLE_LOADER = "$(TEST_HOST)";
				CODE_SIGN_STYLE = Automatic;
				CURRENT_PROJECT_VERSION = 1;
				DEVELOPMENT_TEAM = 8DN7URG34T;
				GENERATE_INFOPLIST_FILE = YES;
				IPHONEOS_DEPLOYMENT_TARGET = 18.2;
				MARKETING_VERSION = 1.0;
				PRODUCT_BUNDLE_IDENTIFIER = com.gilsonbraggion.NodeAuthRegisterTests;
				PRODUCT_NAME = "$(TARGET_NAME)";
				SWIFT_EMIT_LOC_STRINGS = NO;
				SWIFT_VERSION = 5.0;
				TARGETED_DEVICE_FAMILY = "1,2";
				TEST_HOST = "$(BUILT_PRODUCTS_DIR)/NodeAuthRegister.app/$(BUNDLE_EXECUTABLE_FOLDER_PATH)/NodeAuthRegister";
			};
			name = Release;
		};
		36E4D7EA2D4E80B50032B106 /* Debug */ = {
			isa = XCBuildConfiguration;
			buildSettings = {
				CODE_SIGN_STYLE = Automatic;
				CURRENT_PROJECT_VERSION = 1;
				DEVELOPMENT_TEAM = 8DN7URG34T;
				GENERATE_INFOPLIST_FILE = YES;
				MARKETING_VERSION = 1.0;
				PRODUCT_BUNDLE_IDENTIFIER = com.gilsonbraggion.NodeAuthRegisterUITests;
				PRODUCT_NAME = "$(TARGET_NAME)";
				SWIFT_EMIT_LOC_STRINGS = NO;
				SWIFT_VERSION = 5.0;
				TARGETED_DEVICE_FAMILY = "1,2";
				TEST_TARGET_NAME = NodeAuthRegister;
			};
			name = Debug;
		};
		36E4D7EB2D4E80B50032B106 /* Release */ = {
			isa = XCBuildConfiguration;
			buildSettings = {
				CODE_SIGN_STYLE = Automatic;
				CURRENT_PROJECT_VERSION = 1;
				DEVELOPMENT_TEAM = 8DN7URG34T;
				GENERATE_INFOPLIST_FILE = YES;
				MARKETING_VERSION = 1.0;
				PRODUCT_BUNDLE_IDENTIFIER = com.gilsonbraggion.NodeAuthRegisterUITests;
				PRODUCT_NAME = "$(TARGET_NAME)";
				SWIFT_EMIT_LOC_STRINGS = NO;
				SWIFT_VERSION = 5.0;
				TARGETED_DEVICE_FAMILY = "1,2";
				TEST_TARGET_NAME = NodeAuthRegister;
			};
			name = Release;
		};
/* End XCBuildConfiguration section */

/* Begin XCConfigurationList section */
		36E4D7BA2D4E80B30032B106 /* Build configuration list for PBXProject "NodeAuthRegister" */ = {
			isa = XCConfigurationList;
			buildConfigurations = (
				36E4D7E12D4E80B50032B106 /* Debug */,
				36E4D7E22D4E80B50032B106 /* Release */,
			);
			defaultConfigurationIsVisible = 0;
			defaultConfigurationName = Release;
		};
		36E4D7E32D4E80B50032B106 /* Build configuration list for PBXNativeTarget "NodeAuthRegister" */ = {
			isa = XCConfigurationList;
			buildConfigurations = (
				36E4D7E42D4E80B50032B106 /* Debug */,
				36E4D7E52D4E80B50032B106 /* Release */,
			);
			defaultConfigurationIsVisible = 0;
			defaultConfigurationName = Release;
		};
		36E4D7E62D4E80B50032B106 /* Build configuration list for PBXNativeTarget "NodeAuthRegisterTests" */ = {
			isa = XCConfigurationList;
			buildConfigurations = (
				36E4D7E72D4E80B50032B106 /* Debug */,
				36E4D7E82D4E80B50032B106 /* Release */,
			);
			defaultConfigurationIsVisible = 0;
			defaultConfigurationName = Release;
		};
		36E4D7E92D4E80B50032B106 /* Build configuration list for PBXNativeTarget "NodeAuthRegisterUITests" */ = {
			isa = XCConfigurationList;
			buildConfigurations = (
				36E4D7EA2D4E80B50032B106 /* Debug */,
				36E4D7EB2D4E80B50032B106 /* Release */,
			);
			defaultConfigurationIsVisible = 0;
			defaultConfigurationName = Release;
		};
/* End XCConfigurationList section */
	};
	rootObject = 36E4D7B72D4E80B30032B106 /* Project object */;
}
